
Microsoft Visual Studio Solution File, Format Version 12.00
# Visual Studio Version 16
VisualStudioVersion = 16.0.29709.97
MinimumVisualStudioVersion = 10.0.40219.1
Project("{9A19103F-16F7-4668-BE54-9A1E7A4F7556}") = "MDSConnector", "MDSConnector.csproj", "{DC72B21C-866C-4BBE-A4B1-5469A0D56052}"
EndProject
Project("{FAE04EC0-301F-11D3-BF4B-00C04F79EFBC}") = "MDSConnectorTests", "..\MDSConnectorTests\MDSConnectorTests.csproj", "{01BAD524-19D4-4E54-AC3A-4427F48D2722}"
EndProject
Global
	GlobalSection(SolutionConfigurationPlatforms) = preSolution
		Debug|Any CPU = Debug|Any CPU
		Release|Any CPU = Release|Any CPU
	EndGlobalSection
	GlobalSection(ProjectConfigurationPlatforms) = postSolution
		{DC72B21C-866C-4BBE-A4B1-5469A0D56052}.Debug|Any CPU.ActiveCfg = Debug|Any CPU
		{DC72B21C-866C-4BBE-A4B1-5469A0D56052}.Debug|Any CPU.Build.0 = Debug|Any CPU
		{DC72B21C-866C-4BBE-A4B1-5469A0D56052}.Release|Any CPU.ActiveCfg = Release|Any CPU
		{DC72B21C-866C-4BBE-A4B1-5469A0D56052}.Release|Any CPU.Build.0 = Release|Any CPU
		{01BAD524-19D4-4E54-AC3A-4427F48D2722}.Debug|Any CPU.ActiveCfg = Debug|Any CPU
		{01BAD524-19D4-4E54-AC3A-4427F48D2722}.Debug|Any CPU.Build.0 = Debug|Any CPU
		{01BAD524-19D4-4E54-AC3A-4427F48D2722}.Release|Any CPU.ActiveCfg = Release|Any CPU
		{01BAD524-19D4-4E54-AC3A-4427F48D2722}.Release|Any CPU.Build.0 = Release|Any CPU
	EndGlobalSection
	GlobalSection(SolutionProperties) = preSolution
		HideSolutionNode = FALSE
	EndGlobalSection
	GlobalSection(ExtensibilityGlobals) = postSolution
		SolutionGuid = {C95CA9F1-434D-4A42-B2A2-2BFC924C06CD}
	EndGlobalSection
EndGlobal
